
Microsoft Visual Studio Solution File, Format Version 12.00
Project("{FAE04EC0-301F-11D3-BF4B-00C04F79EFBC}") = "Orleans.TimeTesting", "Orleans.TimeTesting\Orleans.TimeTesting.csproj", "{A9A1FF77-E37E-46C7-9AD4-CBBF41113681}"
EndProject
Global
	GlobalSection(SolutionConfigurationPlatforms) = preSolution
		Debug|Any CPU = Debug|Any CPU
		Release|Any CPU = Release|Any CPU
	EndGlobalSection
	GlobalSection(ProjectConfigurationPlatforms) = postSolution
		{A9A1FF77-E37E-46C7-9AD4-CBBF41113681}.Debug|Any CPU.ActiveCfg = Debug|Any CPU
		{A9A1FF77-E37E-46C7-9AD4-CBBF41113681}.Debug|Any CPU.Build.0 = Debug|Any CPU
		{A9A1FF77-E37E-46C7-9AD4-CBBF41113681}.Release|Any CPU.ActiveCfg = Release|Any CPU
		{A9A1FF77-E37E-46C7-9AD4-CBBF41113681}.Release|Any CPU.Build.0 = Release|Any CPU
	EndGlobalSection
EndGlobal
